
Microsoft Visual Studio Solution File, Format Version 12.00
# Visual Studio 15
VisualStudioVersion = 15.0.28307.489
MinimumVisualStudioVersion = 10.0.40219.1
Project("{FAE04EC0-301F-11D3-BF4B-00C04F79EFBC}") = "PokemonIndex", "PokemonIndex\PokemonIndex.csproj", "{6A37C6E9-E135-4BB3-95B4-2F1CE673DB13}"
EndProject
Project("{FAE04EC0-301F-11D3-BF4B-00C04F79EFBC}") = "PokemonIndex.Tests", "PokemonIndex.Tests\PokemonIndex.Tests.csproj", "{363F024C-3EF9-4A10-949A-33893EF5E998}"
EndProject
Global
	GlobalSection(SolutionConfigurationPlatforms) = preSolution
		Debug|Any CPU = Debug|Any CPU
		Release|Any CPU = Release|Any CPU
	EndGlobalSection
	GlobalSection(ProjectConfigurationPlatforms) = postSolution
		{6A37C6E9-E135-4BB3-95B4-2F1CE673DB13}.Debug|Any CPU.ActiveCfg = Debug|Any CPU
		{6A37C6E9-E135-4BB3-95B4-2F1CE673DB13}.Debug|Any CPU.Build.0 = Debug|Any CPU
		{6A37C6E9-E135-4BB3-95B4-2F1CE673DB13}.Release|Any CPU.ActiveCfg = Release|Any CPU
		{6A37C6E9-E135-4BB3-95B4-2F1CE673DB13}.Release|Any CPU.Build.0 = Release|Any CPU
		{363F024C-3EF9-4A10-949A-33893EF5E998}.Debug|Any CPU.ActiveCfg = Debug|Any CPU
		{363F024C-3EF9-4A10-949A-33893EF5E998}.Debug|Any CPU.Build.0 = Debug|Any CPU
		{363F024C-3EF9-4A10-949A-33893EF5E998}.Release|Any CPU.ActiveCfg = Release|Any CPU
		{363F024C-3EF9-4A10-949A-33893EF5E998}.Release|Any CPU.Build.0 = Release|Any CPU
	EndGlobalSection
	GlobalSection(SolutionProperties) = preSolution
		HideSolutionNode = FALSE
	EndGlobalSection
	GlobalSection(ExtensibilityGlobals) = postSolution
		SolutionGuid = {21D17438-5969-4DBE-A6B0-6EF5AEBC14A8}
	EndGlobalSection
EndGlobal
